// !$*UTF8*$!
{
	archiveVersion = 1;
	classes = {
	};
	objectVersion = 50;
	objects = {

/* Begin PBXBuildFile section */
		1451D3F4244E501A003603DC /* AppDelegate.swift in Sources */ = {isa = PBXBuildFile; fileRef = 1451D3F3244E501A003603DC /* AppDelegate.swift */; };
		1451D3F6244E501A003603DC /* SceneDelegate.swift in Sources */ = {isa = PBXBuildFile; fileRef = 1451D3F5244E501A003603DC /* SceneDelegate.swift */; };
		1451D3F8244E501A003603DC /* ContentView.swift in Sources */ = {isa = PBXBuildFile; fileRef = 1451D3F7244E501A003603DC /* ContentView.swift */; };
		1451D3FA244E501C003603DC /* Assets.xcassets in Resources */ = {isa = PBXBuildFile; fileRef = 1451D3F9244E501C003603DC /* Assets.xcassets */; };
		1451D3FD244E501C003603DC /* Preview Assets.xcassets in Resources */ = {isa = PBXBuildFile; fileRef = 1451D3FC244E501C003603DC /* Preview Assets.xcassets */; };
		1451D400244E501C003603DC /* LaunchScreen.storyboard in Resources */ = {isa = PBXBuildFile; fileRef = 1451D3FE244E501C003603DC /* LaunchScreen.storyboard */; };
/* End PBXBuildFile section */

/* Begin PBXFileReference section */
		1451D3F0244E501A003603DC /* word.proto.ui.swiftui.app */ = {isa = PBXFileReference; explicitFileType = wrapper.application; includeInIndex = 0; path = word.proto.ui.swiftui.app; sourceTree = BUILT_PRODUCTS_DIR; };
		1451D3F3244E501A003603DC /* AppDelegate.swift */ = {isa = PBXFileReference; lastKnownFileType = sourcecode.swift; path = AppDelegate.swift; sourceTree = "<group>"; };
		1451D3F5244E501A003603DC /* SceneDelegate.swift */ = {isa = PBXFileReference; lastKnownFileType = sourcecode.swift; path = SceneDelegate.swift; sourceTree = "<group>"; };
		1451D3F7244E501A003603DC /* ContentView.swift */ = {isa = PBXFileReference; lastKnownFileType = sourcecode.swift; path = ContentView.swift; sourceTree = "<group>"; };
		1451D3F9244E501C003603DC /* Assets.xcassets */ = {isa = PBXFileReference; lastKnownFileType = folder.assetcatalog; path = Assets.xcassets; sourceTree = "<group>"; };
		1451D3FC244E501C003603DC /* Preview Assets.xcassets */ = {isa = PBXFileReference; lastKnownFileType = folder.assetcatalog; path = "Preview Assets.xcassets"; sourceTree = "<group>"; };
		1451D3FF244E501C003603DC /* Base */ = {isa = PBXFileReference; lastKnownFileType = file.storyboard; name = Base; path = Base.lproj/LaunchScreen.storyboard; sourceTree = "<group>"; };
		1451D401244E501C003603DC /* Info.plist */ = {isa = PBXFileReference; lastKnownFileType = text.plist.xml; path = Info.plist; sourceTree = "<group>"; };
/* End PBXFileReference section */

/* Begin PBXFrameworksBuildPhase section */
		1451D3ED244E501A003603DC /* Frameworks */ = {
			isa = PBXFrameworksBuildPhase;
			buildActionMask = 2147483647;
			files = (
			);
			runOnlyForDeploymentPostprocessing = 0;
		};
/* End PBXFrameworksBuildPhase section */

/* Begin PBXGroup section */
		1451D3E7244E501A003603DC = {
			isa = PBXGroup;
			children = (
				1451D3F2244E501A003603DC /* word.proto.ui.swiftui */,
				1451D3F1244E501A003603DC /* Products */,
			);
			sourceTree = "<group>";
		};
		1451D3F1244E501A003603DC /* Products */ = {
			isa = PBXGroup;
			children = (
				1451D3F0244E501A003603DC /* word.proto.ui.swiftui.app */,
			);
			name = Products;
			sourceTree = "<group>";
		};
		1451D3F2244E501A003603DC /* word.proto.ui.swiftui */ = {
			isa = PBXGroup;
			children = (
				1451D3F3244E501A003603DC /* AppDelegate.swift */,
				1451D3F5244E501A003603DC /* SceneDelegate.swift */,
				1451D3F7244E501A003603DC /* ContentView.swift */,
				1451D3F9244E501C003603DC /* Assets.xcassets */,
				1451D3FE244E501C003603DC /* LaunchScreen.storyboard */,
				1451D401244E501C003603DC /* Info.plist */,
				1451D3FB244E501C003603DC /* Preview Content */,
			);
			path = word.proto.ui.swiftui;
			sourceTree = "<group>";
		};
		1451D3FB244E501C003603DC /* Preview Content */ = {
			isa = PBXGroup;
			children = (
				1451D3FC244E501C003603DC /* Preview Assets.xcassets */,
			);
			path = "Preview Content";
			sourceTree = "<group>";
		};
/* End PBXGroup section */

/* Begin PBXNativeTarget section */
		1451D3EF244E501A003603DC /* word.proto.ui.swiftui */ = {
			isa = PBXNativeTarget;
			buildConfigurationList = 1451D404244E501C003603DC /* Build configuration list for PBXNativeTarget "word.proto.ui.swiftui" */;
			buildPhases = (
				1451D3EC244E501A003603DC /* Sources */,
				1451D3ED244E501A003603DC /* Frameworks */,
				1451D3EE244E501A003603DC /* Resources */,
			);
			buildRules = (
			);
			dependencies = (
			);
			name = word.proto.ui.swiftui;
			productName = word.proto.ui.swiftui;
			productReference = 1451D3F0244E501A003603DC /* word.proto.ui.swiftui.app */;
			productType = "com.apple.product-type.application";
		};
/* End PBXNativeTarget section */

/* Begin PBXProject section */
		1451D3E8244E501A003603DC /* Project object */ = {
			isa = PBXProject;
			attributes = {
				LastSwiftUpdateCheck = 1140;
				LastUpgradeCheck = 1140;
				ORGANIZATIONNAME = "Andrew Finke";
				TargetAttributes = {
					1451D3EF244E501A003603DC = {
						CreatedOnToolsVersion = 11.4.1;
					};
				};
			};
			buildConfigurationList = 1451D3EB244E501A003603DC /* Build configuration list for PBXProject "word.proto.ui.swiftui" */;
			compatibilityVersion = "Xcode 9.3";
			developmentRegion = en;
			hasScannedForEncodings = 0;
			knownRegions = (
				en,
				Base,
			);
			mainGroup = 1451D3E7244E501A003603DC;
			productRefGroup = 1451D3F1244E501A003603DC /* Products */;
			projectDirPath = "";
			projectRoot = "";
			targets = (
				1451D3EF244E501A003603DC /* word.proto.ui.swiftui */,
			);
		};
/* End PBXProject section */

/* Begin PBXResourcesBuildPhase section */
		1451D3EE244E501A003603DC /* Resources */ = {
			isa = PBXResourcesBuildPhase;
			buildActionMask = 2147483647;
			files = (
				1451D400244E501C003603DC /* LaunchScreen.storyboard in Resources */,
				1451D3FD244E501C003603DC /* Preview Assets.xcassets in Resources */,
				1451D3FA244E501C003603DC /* Assets.xcassets in Resources */,
			);
			runOnlyForDeploymentPostprocessing = 0;
		};
/* End PBXResourcesBuildPhase section */

/* Begin PBXSourcesBuildPhase section */
		1451D3EC244E501A003603DC /* Sources */ = {
			isa = PBXSourcesBuildPhase;
			buildActionMask = 2147483647;
			files = (
				1451D3F4244E501A003603DC /* AppDelegate.swift in Sources */,
				1451D3F6244E501A003603DC /* SceneDelegate.swift in Sources */,
				1451D3F8244E501A003603DC /* ContentView.swift in Sources */,
			);
			runOnlyForDeploymentPostprocessing = 0;
		};
/* End PBXSourcesBuildPhase section */

/* Begin PBXVariantGroup section */
		1451D3FE244E501C003603DC /* LaunchScreen.storyboard */ = {
			isa = PBXVariantGroup;
			children = (
				1451D3FF244E501C003603DC /* Base */,
			);
			name = LaunchScreen.storyboard;
			sourceTree = "<group>";
		};
/* End PBXVariantGroup section */

/* Begin XCBuildConfiguration section */
		1451D402244E501C003603DC /* Debug */ = {
			isa = XCBuildConfiguration;
			buildSettings = {
				ALWAYS_SEARCH_USER_PATHS = NO;
				CLANG_ANALYZER_NONNULL = YES;
				CLANG_ANALYZER_NUMBER_OBJECT_CONVERSION = YES_AGGRESSIVE;
				CLANG_CXX_LANGUAGE_STANDARD = "gnu++14";
				CLANG_CXX_LIBRARY = "libc++";
				CLANG_ENABLE_MODULES = YES;
				CLANG_ENABLE_OBJC_ARC = YES;
				CLANG_ENABLE_OBJC_WEAK = YES;
				CLANG_WARN_BLOCK_CAPTURE_AUTORELEASING = YES;
				CLANG_WARN_BOOL_CONVERSION = YES;
				CLANG_WARN_COMMA = YES;
				CLANG_WARN_CONSTANT_CONVERSION = YES;
				CLANG_WARN_DEPRECATED_OBJC_IMPLEMENTATIONS = YES;
				CLANG_WARN_DIRECT_OBJC_ISA_USAGE = YES_ERROR;
				CLANG_WARN_DOCUMENTATION_COMMENTS = YES;
				CLANG_WARN_EMPTY_BODY = YES;
				CLANG_WARN_ENUM_CONVERSION = YES;
				CLANG_WARN_INFINITE_RECURSION = YES;
				CLANG_WARN_INT_CONVERSION = YES;
				CLANG_WARN_NON_LITERAL_NULL_CONVERSION = YES;
				CLANG_WARN_OBJC_IMPLICIT_RETAIN_SELF = YES;
				CLANG_WARN_OBJC_LITERAL_CONVERSION = YES;
				CLANG_WARN_OBJC_ROOT_CLASS = YES_ERROR;
				CLANG_WARN_RANGE_LOOP_ANALYSIS = YES;
				CLANG_WARN_STRICT_PROTOTYPES = YES;
				CLANG_WARN_SUSPICIOUS_MOVE = YES;
				CLANG_WARN_UNGUARDED_AVAILABILITY = YES_AGGRESSIVE;
				CLANG_WARN_UNREACHABLE_CODE = YES;
				CLANG_WARN__DUPLICATE_METHOD_MATCH = YES;
				COPY_PHASE_STRIP = NO;
				DEBUG_INFORMATION_FORMAT = dwarf;
				ENABLE_STRICT_OBJC_MSGSEND = YES;
				ENABLE_TESTABILITY = YES;
				GCC_C_LANGUAGE_STANDARD = gnu11;
				GCC_DYNAMIC_NO_PIC = NO;
				GCC_NO_COMMON_BLOCKS = YES;
				GCC_OPTIMIZATION_LEVEL = 0;
				GCC_PREPROCESSOR_DEFINITIONS = (
					"DEBUG=1",
					"$(inherited)",
				);
				GCC_WARN_64_TO_32_BIT_CONVERSION = YES;
				GCC_WARN_ABOUT_RETURN_TYPE = YES_ERROR;
				GCC_WARN_UNDECLARED_SELECTOR = YES;
				GCC_WARN_UNINITIALIZED_AUTOS = YES_AGGRESSIVE;
				GCC_WARN_UNUSED_FUNCTION = YES;
				GCC_WARN_UNUSED_VARIABLE = YES;
				IPHONEOS_DEPLOYMENT_TARGET = 13.4;
				MTL_ENABLE_DEBUG_INFO = INCLUDE_SOURCE;
				MTL_FAST_MATH = YES;
				ONLY_ACTIVE_ARCH = YES;
				SDKROOT = iphoneos;
				SWIFT_ACTIVE_COMPILATION_CONDITIONS = DEBUG;
				SWIFT_OPTIMIZATION_LEVEL = "-Onone";
			};
			name = Debug;
		};
		1451D403244E501C003603DC /* Release */ = {
			isa = XCBuildConfiguration;
			buildSettings = {
				ALWAYS_SEARCH_USER_PATHS = NO;
				CLANG_ANALYZER_NONNULL = YES;
				CLANG_ANALYZER_NUMBER_OBJECT_CONVERSION = YES_AGGRESSIVE;
				CLANG_CXX_LANGUAGE_STANDARD = "gnu++14";
				CLANG_CXX_LIBRARY = "libc++";
				CLANG_ENABLE_MODULES = YES;
				CLANG_ENABLE_OBJC_ARC = YES;
				CLANG_ENABLE_OBJC_WEAK = YES;
				CLANG_WARN_BLOCK_CAPTURE_AUTORELEASING = YES;
				CLANG_WARN_BOOL_CONVERSION = YES;
				CLANG_WARN_COMMA = YES;
				CLANG_WARN_CONSTANT_CONVERSION = YES;
				CLANG_WARN_DEPRECATED_OBJC_IMPLEMENTATIONS = YES;
				CLANG_WARN_DIRECT_OBJC_ISA_USAGE = YES_ERROR;
				CLANG_WARN_DOCUMENTATION_COMMENTS = YES;
				CLANG_WARN_EMPTY_BODY = YES;
				CLANG_WARN_ENUM_CONVERSION = YES;
				CLANG_WARN_INFINITE_RECURSION = YES;
				CLANG_WARN_INT_CONVERSION = YES;
				CLANG_WARN_NON_LITERAL_NULL_CONVERSION = YES;
				CLANG_WARN_OBJC_IMPLICIT_RETAIN_SELF = YES;
				CLANG_WARN_OBJC_LITERAL_CONVERSION = YES;
				CLANG_WARN_OBJC_ROOT_CLASS = YES_ERROR;
				CLANG_WARN_RANGE_LOOP_ANALYSIS = YES;
				CLANG_WARN_STRICT_PROTOTYPES = YES;
				CLANG_WARN_SUSPICIOUS_MOVE = YES;
				CLANG_WARN_UNGUARDED_AVAILABILITY = YES_AGGRESSIVE;
				CLANG_WARN_UNREACHABLE_CODE = YES;
				CLANG_WARN__DUPLICATE_METHOD_MATCH = YES;
				COPY_PHASE_STRIP = NO;
				DEBUG_INFORMATION_FORMAT = "dwarf-with-dsym";
				ENABLE_NS_ASSERTIONS = NO;
				ENABLE_STRICT_OBJC_MSGSEND = YES;
				GCC_C_LANGUAGE_STANDARD = gnu11;
				GCC_NO_COMMON_BLOCKS = YES;
				GCC_WARN_64_TO_32_BIT_CONVERSION = YES;
				GCC_WARN_ABOUT_RETURN_TYPE = YES_ERROR;
				GCC_WARN_UNDECLARED_SELECTOR = YES;
				GCC_WARN_UNINITIALIZED_AUTOS = YES_AGGRESSIVE;
				GCC_WARN_UNUSED_FUNCTION = YES;
				GCC_WARN_UNUSED_VARIABLE = YES;
				IPHONEOS_DEPLOYMENT_TARGET = 13.4;
				MTL_ENABLE_DEBUG_INFO = NO;
				MTL_FAST_MATH = YES;
				SDKROOT = iphoneos;
				SWIFT_COMPILATION_MODE = wholemodule;
				SWIFT_OPTIMIZATION_LEVEL = "-O";
				VALIDATE_PRODUCT = YES;
			};
			name = Release;
		};
		1451D405244E501C003603DC /* Debug */ = {
			isa = XCBuildConfiguration;
			buildSettings = {
				ASSETCATALOG_COMPILER_APPICON_NAME = AppIcon;
				CODE_SIGN_STYLE = Automatic;
				DEVELOPMENT_ASSET_PATHS = "\"word.proto.ui.swiftui/Preview Content\"";
				DEVELOPMENT_TEAM = 72S993BNAV;
				ENABLE_PREVIEWS = YES;
				INFOPLIST_FILE = word.proto.ui.swiftui/Info.plist;
				LD_RUNPATH_SEARCH_PATHS = (
					"$(inherited)",
					"@executable_path/Frameworks",
				);
				PRODUCT_BUNDLE_IDENTIFIER = "com.andrewfinke.word-proto-ui-swiftui";
				PRODUCT_NAME = "$(TARGET_NAME)";
				SWIFT_VERSION = 5.0;
				TARGETED_DEVICE_FAMILY = "1,2";
			};
			name = Debug;
		};
		1451D406244E501C003603DC /* Release */ = {
			isa = XCBuildConfiguration;
			buildSettings = {
				ASSETCATALOG_COMPILER_APPICON_NAME = AppIcon;
				CODE_SIGN_STYLE = Automatic;
				DEVELOPMENT_ASSET_PATHS = "\"word.proto.ui.swiftui/Preview Content\"";
				DEVELOPMENT_TEAM = 72S993BNAV;
				ENABLE_PREVIEWS = YES;
				INFOPLIST_FILE = word.proto.ui.swiftui/Info.plist;
				LD_RUNPATH_SEARCH_PATHS = (
					"$(inherited)",
					"@executable_path/Frameworks",
				);
				PRODUCT_BUNDLE_IDENTIFIER = "com.andrewfinke.word-proto-ui-swiftui";
				PRODUCT_NAME = "$(TARGET_NAME)";
				SWIFT_VERSION = 5.0;
				TARGETED_DEVICE_FAMILY = "1,2";
			};
			name = Release;
		};
/* End XCBuildConfiguration section */

/* Begin XCConfigurationList section */
		1451D3EB244E501A003603DC /* Build configuration list for PBXProject "word.proto.ui.swiftui" */ = {
			isa = XCConfigurationList;
			buildConfigurations = (
				1451D402244E501C003603DC /* Debug */,
				1451D403244E501C003603DC /* Release */,
			);
			defaultConfigurationIsVisible = 0;
			defaultConfigurationName = Release;
		};
		1451D404244E501C003603DC /* Build configuration list for PBXNativeTarget "word.proto.ui.swiftui" */ = {
			isa = XCConfigurationList;
			buildConfigurations = (
				1451D405244E501C003603DC /* Debug */,
				1451D406244E501C003603DC /* Release */,
			);
			defaultConfigurationIsVisible = 0;
			defaultConfigurationName = Release;
		};
/* End XCConfigurationList section */
	};
	rootObject = 1451D3E8244E501A003603DC /* Project object */;
}
