// !$*UTF8*$!
{
	archiveVersion = 1;
	classes = {
	};
	objectVersion = 50;
	objects = {

/* Begin PBXBuildFile section */
		14AE4E252447938900C35EEC /* main.swift in Sources */ = {isa = PBXBuildFile; fileRef = 14AE4E242447938900C35EEC /* main.swift */; };
		14EAFAF4244D6C3B00769F75 /* Axis.swift in Sources */ = {isa = PBXBuildFile; fileRef = 14EAFACF244D6C3A00769F75 /* Axis.swift */; };
		14EAFAF5244D6C3B00769F75 /* _Game.swift in Sources */ = {isa = PBXBuildFile; fileRef = 14EAFAD0244D6C3A00769F75 /* _Game.swift */; };
		14EAFAF6244D6C3B00769F75 /* Node.swift in Sources */ = {isa = PBXBuildFile; fileRef = 14EAFAD1244D6C3A00769F75 /* Node.swift */; };
		14EAFAF7244D6C3B00769F75 /* DictionaryFilter.swift in Sources */ = {isa = PBXBuildFile; fileRef = 14EAFAD2244D6C3A00769F75 /* DictionaryFilter.swift */; };
		14EAFAF8244D6C3B00769F75 /* BoardPosition.swift in Sources */ = {isa = PBXBuildFile; fileRef = 14EAFAEE244D6C3B00769F75 /* BoardPosition.swift */; };
		14EAFAF9244D6C3B00769F75 /* GameAI.swift in Sources */ = {isa = PBXBuildFile; fileRef = 14EAFAF0244D6C3B00769F75 /* GameAI.swift */; };
		14EAFAFA244D6C3B00769F75 /* Dictionary.swift in Sources */ = {isa = PBXBuildFile; fileRef = 14EAFAF1244D6C3B00769F75 /* Dictionary.swift */; };
		14EAFAFB244D6C3B00769F75 /* TileBag.swift in Sources */ = {isa = PBXBuildFile; fileRef = 14EAFAF2244D6C3B00769F75 /* TileBag.swift */; };
		14EAFAFC244D6C3B00769F75 /* Board.swift in Sources */ = {isa = PBXBuildFile; fileRef = 14EAFAF3244D6C3B00769F75 /* Board.swift */; };
		14EAFAFE244D6C9600769F75 /* Direction.swift in Sources */ = {isa = PBXBuildFile; fileRef = 14EAFAFD244D6C9600769F75 /* Direction.swift */; };
/* End PBXBuildFile section */

/* Begin PBXFileReference section */
		14AE4E212447938900C35EEC /* word.proto */ = {isa = PBXFileReference; explicitFileType = "compiled.mach-o.executable"; includeInIndex = 0; path = word.proto; sourceTree = BUILT_PRODUCTS_DIR; };
		14AE4E242447938900C35EEC /* main.swift */ = {isa = PBXFileReference; lastKnownFileType = sourcecode.swift; path = main.swift; sourceTree = "<group>"; };
		14EAFACF244D6C3A00769F75 /* Axis.swift */ = {isa = PBXFileReference; fileEncoding = 4; lastKnownFileType = sourcecode.swift; path = Axis.swift; sourceTree = "<group>"; };
		14EAFAD0244D6C3A00769F75 /* _Game.swift */ = {isa = PBXFileReference; fileEncoding = 4; lastKnownFileType = sourcecode.swift; path = _Game.swift; sourceTree = "<group>"; };
		14EAFAD1244D6C3A00769F75 /* Node.swift */ = {isa = PBXFileReference; fileEncoding = 4; lastKnownFileType = sourcecode.swift; path = Node.swift; sourceTree = "<group>"; };
		14EAFAD2244D6C3A00769F75 /* DictionaryFilter.swift */ = {isa = PBXFileReference; fileEncoding = 4; lastKnownFileType = sourcecode.swift; path = DictionaryFilter.swift; sourceTree = "<group>"; };
		14EAFAD4244D6C3B00769F75 /* D-D.txt */ = {isa = PBXFileReference; fileEncoding = 4; lastKnownFileType = text; path = "D-D.txt"; sourceTree = "<group>"; };
		14EAFAD5244D6C3B00769F75 /* D-S.txt */ = {isa = PBXFileReference; fileEncoding = 4; lastKnownFileType = text; path = "D-S.txt"; sourceTree = "<group>"; };
		14EAFAD6244D6C3B00769F75 /* D-R.txt */ = {isa = PBXFileReference; fileEncoding = 4; lastKnownFileType = text; path = "D-R.txt"; sourceTree = "<group>"; };
		14EAFAD7244D6C3B00769F75 /* D-E.txt */ = {isa = PBXFileReference; fileEncoding = 4; lastKnownFileType = text; path = "D-E.txt"; sourceTree = "<group>"; };
		14EAFAD8244D6C3B00769F75 /* D-G.txt */ = {isa = PBXFileReference; fileEncoding = 4; lastKnownFileType = text; path = "D-G.txt"; sourceTree = "<group>"; };
		14EAFAD9244D6C3B00769F75 /* D-P.txt */ = {isa = PBXFileReference; fileEncoding = 4; lastKnownFileType = text; path = "D-P.txt"; sourceTree = "<group>"; };
		14EAFADA244D6C3B00769F75 /* D-Q.txt */ = {isa = PBXFileReference; fileEncoding = 4; lastKnownFileType = text; path = "D-Q.txt"; sourceTree = "<group>"; };
		14EAFADB244D6C3B00769F75 /* D-F.txt */ = {isa = PBXFileReference; fileEncoding = 4; lastKnownFileType = text; path = "D-F.txt"; sourceTree = "<group>"; };
		14EAFADC244D6C3B00769F75 /* D-U.txt */ = {isa = PBXFileReference; fileEncoding = 4; lastKnownFileType = text; path = "D-U.txt"; sourceTree = "<group>"; };
		14EAFADD244D6C3B00769F75 /* D-B.txt */ = {isa = PBXFileReference; fileEncoding = 4; lastKnownFileType = text; path = "D-B.txt"; sourceTree = "<group>"; };
		14EAFADE244D6C3B00769F75 /* D-C.txt */ = {isa = PBXFileReference; fileEncoding = 4; lastKnownFileType = text; path = "D-C.txt"; sourceTree = "<group>"; };
		14EAFADF244D6C3B00769F75 /* D-T.txt */ = {isa = PBXFileReference; fileEncoding = 4; lastKnownFileType = text; path = "D-T.txt"; sourceTree = "<group>"; };
		14EAFAE0244D6C3B00769F75 /* D-V.txt */ = {isa = PBXFileReference; fileEncoding = 4; lastKnownFileType = text; path = "D-V.txt"; sourceTree = "<group>"; };
		14EAFAE1244D6C3B00769F75 /* D-A.txt */ = {isa = PBXFileReference; fileEncoding = 4; lastKnownFileType = text; path = "D-A.txt"; sourceTree = "<group>"; };
		14EAFAE2244D6C3B00769F75 /* D-W.txt */ = {isa = PBXFileReference; fileEncoding = 4; lastKnownFileType = text; path = "D-W.txt"; sourceTree = "<group>"; };
		14EAFAE3244D6C3B00769F75 /* D-Z.txt */ = {isa = PBXFileReference; fileEncoding = 4; lastKnownFileType = text; path = "D-Z.txt"; sourceTree = "<group>"; };
		14EAFAE4244D6C3B00769F75 /* D-M.txt */ = {isa = PBXFileReference; fileEncoding = 4; lastKnownFileType = text; path = "D-M.txt"; sourceTree = "<group>"; };
		14EAFAE5244D6C3B00769F75 /* D-L.txt */ = {isa = PBXFileReference; fileEncoding = 4; lastKnownFileType = text; path = "D-L.txt"; sourceTree = "<group>"; };
		14EAFAE6244D6C3B00769F75 /* D-Y.txt */ = {isa = PBXFileReference; fileEncoding = 4; lastKnownFileType = text; path = "D-Y.txt"; sourceTree = "<group>"; };
		14EAFAE7244D6C3B00769F75 /* D-N.txt */ = {isa = PBXFileReference; fileEncoding = 4; lastKnownFileType = text; path = "D-N.txt"; sourceTree = "<group>"; };
		14EAFAE8244D6C3B00769F75 /* D-O.txt */ = {isa = PBXFileReference; fileEncoding = 4; lastKnownFileType = text; path = "D-O.txt"; sourceTree = "<group>"; };
		14EAFAE9244D6C3B00769F75 /* D-X.txt */ = {isa = PBXFileReference; fileEncoding = 4; lastKnownFileType = text; path = "D-X.txt"; sourceTree = "<group>"; };
		14EAFAEA244D6C3B00769F75 /* D-K.txt */ = {isa = PBXFileReference; fileEncoding = 4; lastKnownFileType = text; path = "D-K.txt"; sourceTree = "<group>"; };
		14EAFAEB244D6C3B00769F75 /* D-J.txt */ = {isa = PBXFileReference; fileEncoding = 4; lastKnownFileType = text; path = "D-J.txt"; sourceTree = "<group>"; };
		14EAFAEC244D6C3B00769F75 /* D-H.txt */ = {isa = PBXFileReference; fileEncoding = 4; lastKnownFileType = text; path = "D-H.txt"; sourceTree = "<group>"; };
		14EAFAED244D6C3B00769F75 /* D-I.txt */ = {isa = PBXFileReference; fileEncoding = 4; lastKnownFileType = text; path = "D-I.txt"; sourceTree = "<group>"; };
		14EAFAEE244D6C3B00769F75 /* BoardPosition.swift */ = {isa = PBXFileReference; fileEncoding = 4; lastKnownFileType = sourcecode.swift; path = BoardPosition.swift; sourceTree = "<group>"; };
		14EAFAEF244D6C3B00769F75 /* filtered_sorted_words.txt */ = {isa = PBXFileReference; fileEncoding = 4; lastKnownFileType = text; path = filtered_sorted_words.txt; sourceTree = "<group>"; };
		14EAFAF0244D6C3B00769F75 /* GameAI.swift */ = {isa = PBXFileReference; fileEncoding = 4; lastKnownFileType = sourcecode.swift; path = GameAI.swift; sourceTree = "<group>"; };
		14EAFAF1244D6C3B00769F75 /* Dictionary.swift */ = {isa = PBXFileReference; fileEncoding = 4; lastKnownFileType = sourcecode.swift; path = Dictionary.swift; sourceTree = "<group>"; };
		14EAFAF2244D6C3B00769F75 /* TileBag.swift */ = {isa = PBXFileReference; fileEncoding = 4; lastKnownFileType = sourcecode.swift; path = TileBag.swift; sourceTree = "<group>"; };
		14EAFAF3244D6C3B00769F75 /* Board.swift */ = {isa = PBXFileReference; fileEncoding = 4; lastKnownFileType = sourcecode.swift; path = Board.swift; sourceTree = "<group>"; };
		14EAFAFD244D6C9600769F75 /* Direction.swift */ = {isa = PBXFileReference; lastKnownFileType = sourcecode.swift; path = Direction.swift; sourceTree = "<group>"; };
		14EAFB6C244D97E600769F75 /* word.proto.entitlements */ = {isa = PBXFileReference; lastKnownFileType = text.plist.entitlements; path = word.proto.entitlements; sourceTree = "<group>"; };
/* End PBXFileReference section */

/* Begin PBXFrameworksBuildPhase section */
		14AE4E1E2447938900C35EEC /* Frameworks */ = {
			isa = PBXFrameworksBuildPhase;
			buildActionMask = 2147483647;
			files = (
			);
			runOnlyForDeploymentPostprocessing = 0;
		};
/* End PBXFrameworksBuildPhase section */

/* Begin PBXGroup section */
		14AE4E182447938900C35EEC = {
			isa = PBXGroup;
			children = (
				14AE4E232447938900C35EEC /* word.proto */,
				14AE4E222447938900C35EEC /* Products */,
			);
			sourceTree = "<group>";
		};
		14AE4E222447938900C35EEC /* Products */ = {
			isa = PBXGroup;
			children = (
				14AE4E212447938900C35EEC /* word.proto */,
			);
			name = Products;
			sourceTree = "<group>";
		};
		14AE4E232447938900C35EEC /* word.proto */ = {
			isa = PBXGroup;
			children = (
				14AE4E242447938900C35EEC /* main.swift */,
				14EAFAD0244D6C3A00769F75 /* _Game.swift */,
				14EAFAF0244D6C3B00769F75 /* GameAI.swift */,
				14EAFACF244D6C3A00769F75 /* Axis.swift */,
				14EAFAFD244D6C9600769F75 /* Direction.swift */,
				14EAFAF3244D6C3B00769F75 /* Board.swift */,
				14EAFAEE244D6C3B00769F75 /* BoardPosition.swift */,
				14EAFAF2244D6C3B00769F75 /* TileBag.swift */,
				14EAFAD1244D6C3A00769F75 /* Node.swift */,
				14EAFAF1244D6C3B00769F75 /* Dictionary.swift */,
				14EAFAD2244D6C3A00769F75 /* DictionaryFilter.swift */,
				14EAFAEF244D6C3B00769F75 /* filtered_sorted_words.txt */,
				14EAFAD3244D6C3B00769F75 /* Dictionary */,
				14EAFB6C244D97E600769F75 /* word.proto.entitlements */,
			);
			path = word.proto;
			sourceTree = "<group>";
		};
		14EAFAD3244D6C3B00769F75 /* Dictionary */ = {
			isa = PBXGroup;
			children = (
				14EAFAD4244D6C3B00769F75 /* D-D.txt */,
				14EAFAD5244D6C3B00769F75 /* D-S.txt */,
				14EAFAD6244D6C3B00769F75 /* D-R.txt */,
				14EAFAD7244D6C3B00769F75 /* D-E.txt */,
				14EAFAD8244D6C3B00769F75 /* D-G.txt */,
				14EAFAD9244D6C3B00769F75 /* D-P.txt */,
				14EAFADA244D6C3B00769F75 /* D-Q.txt */,
				14EAFADB244D6C3B00769F75 /* D-F.txt */,
				14EAFADC244D6C3B00769F75 /* D-U.txt */,
				14EAFADD244D6C3B00769F75 /* D-B.txt */,
				14EAFADE244D6C3B00769F75 /* D-C.txt */,
				14EAFADF244D6C3B00769F75 /* D-T.txt */,
				14EAFAE0244D6C3B00769F75 /* D-V.txt */,
				14EAFAE1244D6C3B00769F75 /* D-A.txt */,
				14EAFAE2244D6C3B00769F75 /* D-W.txt */,
				14EAFAE3244D6C3B00769F75 /* D-Z.txt */,
				14EAFAE4244D6C3B00769F75 /* D-M.txt */,
				14EAFAE5244D6C3B00769F75 /* D-L.txt */,
				14EAFAE6244D6C3B00769F75 /* D-Y.txt */,
				14EAFAE7244D6C3B00769F75 /* D-N.txt */,
				14EAFAE8244D6C3B00769F75 /* D-O.txt */,
				14EAFAE9244D6C3B00769F75 /* D-X.txt */,
				14EAFAEA244D6C3B00769F75 /* D-K.txt */,
				14EAFAEB244D6C3B00769F75 /* D-J.txt */,
				14EAFAEC244D6C3B00769F75 /* D-H.txt */,
				14EAFAED244D6C3B00769F75 /* D-I.txt */,
			);
			path = Dictionary;
			sourceTree = "<group>";
		};
/* End PBXGroup section */

/* Begin PBXNativeTarget section */
		14AE4E202447938900C35EEC /* word.proto */ = {
			isa = PBXNativeTarget;
			buildConfigurationList = 14AE4E282447938900C35EEC /* Build configuration list for PBXNativeTarget "word.proto" */;
			buildPhases = (
				14AE4E1D2447938900C35EEC /* Sources */,
				14AE4E1E2447938900C35EEC /* Frameworks */,
			);
			buildRules = (
			);
			dependencies = (
			);
			name = word.proto;
			productName = word.proto;
			productReference = 14AE4E212447938900C35EEC /* word.proto */;
			productType = "com.apple.product-type.tool";
		};
/* End PBXNativeTarget section */

/* Begin PBXProject section */
		14AE4E192447938900C35EEC /* Project object */ = {
			isa = PBXProject;
			attributes = {
				LastSwiftUpdateCheck = 1140;
				LastUpgradeCheck = 1140;
				ORGANIZATIONNAME = "Andrew Finke";
				TargetAttributes = {
					14AE4E202447938900C35EEC = {
						CreatedOnToolsVersion = 11.4;
					};
				};
			};
			buildConfigurationList = 14AE4E1C2447938900C35EEC /* Build configuration list for PBXProject "word.proto" */;
			compatibilityVersion = "Xcode 9.3";
			developmentRegion = en;
			hasScannedForEncodings = 0;
			knownRegions = (
				en,
				Base,
			);
			mainGroup = 14AE4E182447938900C35EEC;
			productRefGroup = 14AE4E222447938900C35EEC /* Products */;
			projectDirPath = "";
			projectRoot = "";
			targets = (
				14AE4E202447938900C35EEC /* word.proto */,
			);
		};
/* End PBXProject section */

/* Begin PBXSourcesBuildPhase section */
		14AE4E1D2447938900C35EEC /* Sources */ = {
			isa = PBXSourcesBuildPhase;
			buildActionMask = 2147483647;
			files = (
				14EAFAFB244D6C3B00769F75 /* TileBag.swift in Sources */,
				14EAFAF4244D6C3B00769F75 /* Axis.swift in Sources */,
				14EAFAFC244D6C3B00769F75 /* Board.swift in Sources */,
				14EAFAFA244D6C3B00769F75 /* Dictionary.swift in Sources */,
				14EAFAF5244D6C3B00769F75 /* _Game.swift in Sources */,
				14EAFAF9244D6C3B00769F75 /* GameAI.swift in Sources */,
				14EAFAFE244D6C9600769F75 /* Direction.swift in Sources */,
				14EAFAF7244D6C3B00769F75 /* DictionaryFilter.swift in Sources */,
				14EAFAF8244D6C3B00769F75 /* BoardPosition.swift in Sources */,
				14AE4E252447938900C35EEC /* main.swift in Sources */,
				14EAFAF6244D6C3B00769F75 /* Node.swift in Sources */,
			);
			runOnlyForDeploymentPostprocessing = 0;
		};
/* End PBXSourcesBuildPhase section */

/* Begin XCBuildConfiguration section */
		14AE4E262447938900C35EEC /* Debug */ = {
			isa = XCBuildConfiguration;
			buildSettings = {
				ALWAYS_SEARCH_USER_PATHS = NO;
				CLANG_ANALYZER_NONNULL = YES;
				CLANG_ANALYZER_NUMBER_OBJECT_CONVERSION = YES_AGGRESSIVE;
				CLANG_CXX_LANGUAGE_STANDARD = "gnu++14";
				CLANG_CXX_LIBRARY = "libc++";
				CLANG_ENABLE_MODULES = YES;
				CLANG_ENABLE_OBJC_ARC = YES;
				CLANG_ENABLE_OBJC_WEAK = YES;
				CLANG_WARN_BLOCK_CAPTURE_AUTORELEASING = YES;
				CLANG_WARN_BOOL_CONVERSION = YES;
				CLANG_WARN_COMMA = YES;
				CLANG_WARN_CONSTANT_CONVERSION = YES;
				CLANG_WARN_DEPRECATED_OBJC_IMPLEMENTATIONS = YES;
				CLANG_WARN_DIRECT_OBJC_ISA_USAGE = YES_ERROR;
				CLANG_WARN_DOCUMENTATION_COMMENTS = YES;
				CLANG_WARN_EMPTY_BODY = YES;
				CLANG_WARN_ENUM_CONVERSION = YES;
				CLANG_WARN_INFINITE_RECURSION = YES;
				CLANG_WARN_INT_CONVERSION = YES;
				CLANG_WARN_NON_LITERAL_NULL_CONVERSION = YES;
				CLANG_WARN_OBJC_IMPLICIT_RETAIN_SELF = YES;
				CLANG_WARN_OBJC_LITERAL_CONVERSION = YES;
				CLANG_WARN_OBJC_ROOT_CLASS = YES_ERROR;
				CLANG_WARN_RANGE_LOOP_ANALYSIS = YES;
				CLANG_WARN_STRICT_PROTOTYPES = YES;
				CLANG_WARN_SUSPICIOUS_MOVE = YES;
				CLANG_WARN_UNGUARDED_AVAILABILITY = YES_AGGRESSIVE;
				CLANG_WARN_UNREACHABLE_CODE = YES;
				CLANG_WARN__DUPLICATE_METHOD_MATCH = YES;
				COPY_PHASE_STRIP = NO;
				DEBUG_INFORMATION_FORMAT = dwarf;
				ENABLE_STRICT_OBJC_MSGSEND = YES;
				ENABLE_TESTABILITY = YES;
				GCC_C_LANGUAGE_STANDARD = gnu11;
				GCC_DYNAMIC_NO_PIC = NO;
				GCC_NO_COMMON_BLOCKS = YES;
				GCC_OPTIMIZATION_LEVEL = 0;
				GCC_PREPROCESSOR_DEFINITIONS = (
					"DEBUG=1",
					"$(inherited)",
				);
				GCC_WARN_64_TO_32_BIT_CONVERSION = YES;
				GCC_WARN_ABOUT_RETURN_TYPE = YES_ERROR;
				GCC_WARN_UNDECLARED_SELECTOR = YES;
				GCC_WARN_UNINITIALIZED_AUTOS = YES_AGGRESSIVE;
				GCC_WARN_UNUSED_FUNCTION = YES;
				GCC_WARN_UNUSED_VARIABLE = YES;
				MACOSX_DEPLOYMENT_TARGET = 10.15;
				MTL_ENABLE_DEBUG_INFO = INCLUDE_SOURCE;
				MTL_FAST_MATH = YES;
				ONLY_ACTIVE_ARCH = YES;
				SDKROOT = macosx;
				SWIFT_ACTIVE_COMPILATION_CONDITIONS = DEBUG;
				SWIFT_OPTIMIZATION_LEVEL = "-Onone";
			};
			name = Debug;
		};
		14AE4E272447938900C35EEC /* Release */ = {
			isa = XCBuildConfiguration;
			buildSettings = {
				ALWAYS_SEARCH_USER_PATHS = NO;
				CLANG_ANALYZER_NONNULL = YES;
				CLANG_ANALYZER_NUMBER_OBJECT_CONVERSION = YES_AGGRESSIVE;
				CLANG_CXX_LANGUAGE_STANDARD = "gnu++14";
				CLANG_CXX_LIBRARY = "libc++";
				CLANG_ENABLE_MODULES = YES;
				CLANG_ENABLE_OBJC_ARC = YES;
				CLANG_ENABLE_OBJC_WEAK = YES;
				CLANG_WARN_BLOCK_CAPTURE_AUTORELEASING = YES;
				CLANG_WARN_BOOL_CONVERSION = YES;
				CLANG_WARN_COMMA = YES;
				CLANG_WARN_CONSTANT_CONVERSION = YES;
				CLANG_WARN_DEPRECATED_OBJC_IMPLEMENTATIONS = YES;
				CLANG_WARN_DIRECT_OBJC_ISA_USAGE = YES_ERROR;
				CLANG_WARN_DOCUMENTATION_COMMENTS = YES;
				CLANG_WARN_EMPTY_BODY = YES;
				CLANG_WARN_ENUM_CONVERSION = YES;
				CLANG_WARN_INFINITE_RECURSION = YES;
				CLANG_WARN_INT_CONVERSION = YES;
				CLANG_WARN_NON_LITERAL_NULL_CONVERSION = YES;
				CLANG_WARN_OBJC_IMPLICIT_RETAIN_SELF = YES;
				CLANG_WARN_OBJC_LITERAL_CONVERSION = YES;
				CLANG_WARN_OBJC_ROOT_CLASS = YES_ERROR;
				CLANG_WARN_RANGE_LOOP_ANALYSIS = YES;
				CLANG_WARN_STRICT_PROTOTYPES = YES;
				CLANG_WARN_SUSPICIOUS_MOVE = YES;
				CLANG_WARN_UNGUARDED_AVAILABILITY = YES_AGGRESSIVE;
				CLANG_WARN_UNREACHABLE_CODE = YES;
				CLANG_WARN__DUPLICATE_METHOD_MATCH = YES;
				COPY_PHASE_STRIP = NO;
				DEBUG_INFORMATION_FORMAT = "dwarf-with-dsym";
				ENABLE_NS_ASSERTIONS = NO;
				ENABLE_STRICT_OBJC_MSGSEND = YES;
				GCC_C_LANGUAGE_STANDARD = gnu11;
				GCC_NO_COMMON_BLOCKS = YES;
				GCC_WARN_64_TO_32_BIT_CONVERSION = YES;
				GCC_WARN_ABOUT_RETURN_TYPE = YES_ERROR;
				GCC_WARN_UNDECLARED_SELECTOR = YES;
				GCC_WARN_UNINITIALIZED_AUTOS = YES_AGGRESSIVE;
				GCC_WARN_UNUSED_FUNCTION = YES;
				GCC_WARN_UNUSED_VARIABLE = YES;
				MACOSX_DEPLOYMENT_TARGET = 10.15;
				MTL_ENABLE_DEBUG_INFO = NO;
				MTL_FAST_MATH = YES;
				SDKROOT = macosx;
				SWIFT_COMPILATION_MODE = wholemodule;
				SWIFT_OPTIMIZATION_LEVEL = "-O";
			};
			name = Release;
		};
		14AE4E292447938900C35EEC /* Debug */ = {
			isa = XCBuildConfiguration;
			buildSettings = {
				CODE_SIGN_ENTITLEMENTS = word.proto/word.proto.entitlements;
				CODE_SIGN_STYLE = Automatic;
				DEVELOPMENT_TEAM = 72S993BNAV;
				ENABLE_HARDENED_RUNTIME = NO;
				PRODUCT_NAME = "$(TARGET_NAME)";
				SWIFT_VERSION = 5.0;
			};
			name = Debug;
		};
		14AE4E2A2447938900C35EEC /* Release */ = {
			isa = XCBuildConfiguration;
			buildSettings = {
				CODE_SIGN_ENTITLEMENTS = word.proto/word.proto.entitlements;
				CODE_SIGN_STYLE = Automatic;
				DEVELOPMENT_TEAM = 72S993BNAV;
				ENABLE_HARDENED_RUNTIME = NO;
				PRODUCT_NAME = "$(TARGET_NAME)";
				SWIFT_VERSION = 5.0;
			};
			name = Release;
		};
/* End XCBuildConfiguration section */

/* Begin XCConfigurationList section */
		14AE4E1C2447938900C35EEC /* Build configuration list for PBXProject "word.proto" */ = {
			isa = XCConfigurationList;
			buildConfigurations = (
				14AE4E262447938900C35EEC /* Debug */,
				14AE4E272447938900C35EEC /* Release */,
			);
			defaultConfigurationIsVisible = 0;
			defaultConfigurationName = Release;
		};
		14AE4E282447938900C35EEC /* Build configuration list for PBXNativeTarget "word.proto" */ = {
			isa = XCConfigurationList;
			buildConfigurations = (
				14AE4E292447938900C35EEC /* Debug */,
				14AE4E2A2447938900C35EEC /* Release */,
			);
			defaultConfigurationIsVisible = 0;
			defaultConfigurationName = Release;
		};
/* End XCConfigurationList section */
	};
	rootObject = 14AE4E192447938900C35EEC /* Project object */;
}
