// !$*UTF8*$!
{
	archiveVersion = 1;
	classes = {
	};
	objectVersion = 50;
	objects = {

/* Begin PBXBuildFile section */
		147348A7244E8B21003CF800 /* AppDelegate.swift in Sources */ = {isa = PBXBuildFile; fileRef = 147348A6244E8B21003CF800 /* AppDelegate.swift */; };
		147348A9244E8B21003CF800 /* SceneDelegate.swift in Sources */ = {isa = PBXBuildFile; fileRef = 147348A8244E8B21003CF800 /* SceneDelegate.swift */; };
		147348AB244E8B21003CF800 /* ViewController.swift in Sources */ = {isa = PBXBuildFile; fileRef = 147348AA244E8B21003CF800 /* ViewController.swift */; };
		147348B0244E8B22003CF800 /* Assets.xcassets in Resources */ = {isa = PBXBuildFile; fileRef = 147348AF244E8B22003CF800 /* Assets.xcassets */; };
		147348B3244E8B22003CF800 /* LaunchScreen.storyboard in Resources */ = {isa = PBXBuildFile; fileRef = 147348B1244E8B22003CF800 /* LaunchScreen.storyboard */; };
		149A8D0C2458F8D600E3E7AF /* NSExtensions.swift in Sources */ = {isa = PBXBuildFile; fileRef = 149A8D0B2458F8D600E3E7AF /* NSExtensions.swift */; };
		149A8D0E2458F95C00E3E7AF /* SystemImageButton.swift in Sources */ = {isa = PBXBuildFile; fileRef = 149A8D0D2458F95C00E3E7AF /* SystemImageButton.swift */; };
		149A8D102458F97100E3E7AF /* GameHeaderViewTopBar.swift in Sources */ = {isa = PBXBuildFile; fileRef = 149A8D0F2458F97100E3E7AF /* GameHeaderViewTopBar.swift */; };
		149A8D122458F98000E3E7AF /* GameHeaderViewPlayerStatusView.swift in Sources */ = {isa = PBXBuildFile; fileRef = 149A8D112458F98000E3E7AF /* GameHeaderViewPlayerStatusView.swift */; };
		149A8D142458F99300E3E7AF /* GameHeaderViewPlayersTurnView.swift in Sources */ = {isa = PBXBuildFile; fileRef = 149A8D132458F99300E3E7AF /* GameHeaderViewPlayersTurnView.swift */; };
		149A8D162458F9A600E3E7AF /* GameHeaderViewPlayersView.swift in Sources */ = {isa = PBXBuildFile; fileRef = 149A8D152458F9A600E3E7AF /* GameHeaderViewPlayersView.swift */; };
		149A8D182458F9BB00E3E7AF /* GameHeaderViewStatusBar.swift in Sources */ = {isa = PBXBuildFile; fileRef = 149A8D172458F9BB00E3E7AF /* GameHeaderViewStatusBar.swift */; };
		149A8D1A2458F9C900E3E7AF /* GameHeaderView.swift in Sources */ = {isa = PBXBuildFile; fileRef = 149A8D192458F9C900E3E7AF /* GameHeaderView.swift */; };
		149A8D1C2458F9D800E3E7AF /* GameFooterView.swift in Sources */ = {isa = PBXBuildFile; fileRef = 149A8D1B2458F9D800E3E7AF /* GameFooterView.swift */; };
		149A8D1E2458F9E400E3E7AF /* GameFooterViewBottomBar.swift in Sources */ = {isa = PBXBuildFile; fileRef = 149A8D1D2458F9E400E3E7AF /* GameFooterViewBottomBar.swift */; };
		149A8D22245902F900E3E7AF /* CGExtensions.swift in Sources */ = {isa = PBXBuildFile; fileRef = 149A8D21245902F900E3E7AF /* CGExtensions.swift */; };
		149A8D242459030500E3E7AF /* AttributedStringSystemImageMixer.swift in Sources */ = {isa = PBXBuildFile; fileRef = 149A8D232459030500E3E7AF /* AttributedStringSystemImageMixer.swift */; };
		14EF50E3245E9F7400F3653F /* BoardView.swift in Sources */ = {isa = PBXBuildFile; fileRef = 14EF50E2245E9F7400F3653F /* BoardView.swift */; };
		14EF50E5245E9FA100F3653F /* TileView.swift in Sources */ = {isa = PBXBuildFile; fileRef = 14EF50E4245E9FA100F3653F /* TileView.swift */; };
		14EF5158245EA03400F3653F /* Node.swift in Sources */ = {isa = PBXBuildFile; fileRef = 14EF5131245EA03300F3653F /* Node.swift */; };
		14EF5159245EA03400F3653F /* TileBag.swift in Sources */ = {isa = PBXBuildFile; fileRef = 14EF5132245EA03300F3653F /* TileBag.swift */; };
		14EF515A245EA03400F3653F /* DictionaryFilter.swift in Sources */ = {isa = PBXBuildFile; fileRef = 14EF5133245EA03300F3653F /* DictionaryFilter.swift */; };
		14EF515B245EA03400F3653F /* Dictionary.swift in Sources */ = {isa = PBXBuildFile; fileRef = 14EF5134245EA03300F3653F /* Dictionary.swift */; };
		14EF515C245EA03400F3653F /* D-D.txt in Resources */ = {isa = PBXBuildFile; fileRef = 14EF5136245EA03300F3653F /* D-D.txt */; };
		14EF515D245EA03400F3653F /* D-S.txt in Resources */ = {isa = PBXBuildFile; fileRef = 14EF5137245EA03300F3653F /* D-S.txt */; };
		14EF515E245EA03400F3653F /* D-R.txt in Resources */ = {isa = PBXBuildFile; fileRef = 14EF5138245EA03300F3653F /* D-R.txt */; };
		14EF515F245EA03400F3653F /* D-E.txt in Resources */ = {isa = PBXBuildFile; fileRef = 14EF5139245EA03300F3653F /* D-E.txt */; };
		14EF5160245EA03400F3653F /* D-G.txt in Resources */ = {isa = PBXBuildFile; fileRef = 14EF513A245EA03300F3653F /* D-G.txt */; };
		14EF5161245EA03400F3653F /* D-P.txt in Resources */ = {isa = PBXBuildFile; fileRef = 14EF513B245EA03300F3653F /* D-P.txt */; };
		14EF5162245EA03400F3653F /* D-Q.txt in Resources */ = {isa = PBXBuildFile; fileRef = 14EF513C245EA03300F3653F /* D-Q.txt */; };
		14EF5163245EA03400F3653F /* D-F.txt in Resources */ = {isa = PBXBuildFile; fileRef = 14EF513D245EA03300F3653F /* D-F.txt */; };
		14EF5164245EA03400F3653F /* D-U.txt in Resources */ = {isa = PBXBuildFile; fileRef = 14EF513E245EA03300F3653F /* D-U.txt */; };
		14EF5165245EA03400F3653F /* D-B.txt in Resources */ = {isa = PBXBuildFile; fileRef = 14EF513F245EA03300F3653F /* D-B.txt */; };
		14EF5166245EA03400F3653F /* D-C.txt in Resources */ = {isa = PBXBuildFile; fileRef = 14EF5140245EA03300F3653F /* D-C.txt */; };
		14EF5167245EA03400F3653F /* D-T.txt in Resources */ = {isa = PBXBuildFile; fileRef = 14EF5141245EA03300F3653F /* D-T.txt */; };
		14EF5168245EA03400F3653F /* D-V.txt in Resources */ = {isa = PBXBuildFile; fileRef = 14EF5142245EA03300F3653F /* D-V.txt */; };
		14EF5169245EA03400F3653F /* D-A.txt in Resources */ = {isa = PBXBuildFile; fileRef = 14EF5143245EA03300F3653F /* D-A.txt */; };
		14EF516A245EA03400F3653F /* D-W.txt in Resources */ = {isa = PBXBuildFile; fileRef = 14EF5144245EA03300F3653F /* D-W.txt */; };
		14EF516B245EA03400F3653F /* D-Z.txt in Resources */ = {isa = PBXBuildFile; fileRef = 14EF5145245EA03300F3653F /* D-Z.txt */; };
		14EF516C245EA03400F3653F /* D-M.txt in Resources */ = {isa = PBXBuildFile; fileRef = 14EF5146245EA03300F3653F /* D-M.txt */; };
		14EF516D245EA03400F3653F /* D-L.txt in Resources */ = {isa = PBXBuildFile; fileRef = 14EF5147245EA03300F3653F /* D-L.txt */; };
		14EF516E245EA03400F3653F /* D-Y.txt in Resources */ = {isa = PBXBuildFile; fileRef = 14EF5148245EA03300F3653F /* D-Y.txt */; };
		14EF516F245EA03400F3653F /* D-N.txt in Resources */ = {isa = PBXBuildFile; fileRef = 14EF5149245EA03300F3653F /* D-N.txt */; };
		14EF5170245EA03400F3653F /* D-O.txt in Resources */ = {isa = PBXBuildFile; fileRef = 14EF514A245EA03300F3653F /* D-O.txt */; };
		14EF5171245EA03400F3653F /* D-X.txt in Resources */ = {isa = PBXBuildFile; fileRef = 14EF514B245EA03300F3653F /* D-X.txt */; };
		14EF5172245EA03400F3653F /* D-K.txt in Resources */ = {isa = PBXBuildFile; fileRef = 14EF514C245EA03300F3653F /* D-K.txt */; };
		14EF5173245EA03400F3653F /* D-J.txt in Resources */ = {isa = PBXBuildFile; fileRef = 14EF514D245EA03300F3653F /* D-J.txt */; };
		14EF5174245EA03400F3653F /* D-H.txt in Resources */ = {isa = PBXBuildFile; fileRef = 14EF514E245EA03300F3653F /* D-H.txt */; };
		14EF5175245EA03400F3653F /* D-I.txt in Resources */ = {isa = PBXBuildFile; fileRef = 14EF514F245EA03300F3653F /* D-I.txt */; };
		14EF5176245EA03400F3653F /* filtered_sorted_words.txt in Resources */ = {isa = PBXBuildFile; fileRef = 14EF5150245EA03300F3653F /* filtered_sorted_words.txt */; };
		14EF5177245EA03400F3653F /* Board.swift in Sources */ = {isa = PBXBuildFile; fileRef = 14EF5151245EA03400F3653F /* Board.swift */; };
		14EF5178245EA03400F3653F /* Axis.swift in Sources */ = {isa = PBXBuildFile; fileRef = 14EF5152245EA03400F3653F /* Axis.swift */; };
		14EF5179245EA03400F3653F /* BoardPosition.swift in Sources */ = {isa = PBXBuildFile; fileRef = 14EF5153245EA03400F3653F /* BoardPosition.swift */; };
		14EF517B245EA03400F3653F /* Direction.swift in Sources */ = {isa = PBXBuildFile; fileRef = 14EF5155245EA03400F3653F /* Direction.swift */; };
		14EF517C245EA03400F3653F /* _Game.swift in Sources */ = {isa = PBXBuildFile; fileRef = 14EF5156245EA03400F3653F /* _Game.swift */; };
		14EF517D245EA03400F3653F /* GameAI.swift in Sources */ = {isa = PBXBuildFile; fileRef = 14EF5157245EA03400F3653F /* GameAI.swift */; };
/* End PBXBuildFile section */

/* Begin PBXFileReference section */
		147348A3244E8B21003CF800 /* word.proto.ui.uikit.app */ = {isa = PBXFileReference; explicitFileType = wrapper.application; includeInIndex = 0; path = word.proto.ui.uikit.app; sourceTree = BUILT_PRODUCTS_DIR; };
		147348A6244E8B21003CF800 /* AppDelegate.swift */ = {isa = PBXFileReference; lastKnownFileType = sourcecode.swift; path = AppDelegate.swift; sourceTree = "<group>"; };
		147348A8244E8B21003CF800 /* SceneDelegate.swift */ = {isa = PBXFileReference; lastKnownFileType = sourcecode.swift; path = SceneDelegate.swift; sourceTree = "<group>"; };
		147348AA244E8B21003CF800 /* ViewController.swift */ = {isa = PBXFileReference; lastKnownFileType = sourcecode.swift; path = ViewController.swift; sourceTree = "<group>"; };
		147348AF244E8B22003CF800 /* Assets.xcassets */ = {isa = PBXFileReference; lastKnownFileType = folder.assetcatalog; path = Assets.xcassets; sourceTree = "<group>"; };
		147348B2244E8B22003CF800 /* Base */ = {isa = PBXFileReference; lastKnownFileType = file.storyboard; name = Base; path = Base.lproj/LaunchScreen.storyboard; sourceTree = "<group>"; };
		147348B4244E8B22003CF800 /* Info.plist */ = {isa = PBXFileReference; lastKnownFileType = text.plist.xml; path = Info.plist; sourceTree = "<group>"; };
		149A8D0B2458F8D600E3E7AF /* NSExtensions.swift */ = {isa = PBXFileReference; lastKnownFileType = sourcecode.swift; path = NSExtensions.swift; sourceTree = "<group>"; };
		149A8D0D2458F95C00E3E7AF /* SystemImageButton.swift */ = {isa = PBXFileReference; lastKnownFileType = sourcecode.swift; path = SystemImageButton.swift; sourceTree = "<group>"; };
		149A8D0F2458F97100E3E7AF /* GameHeaderViewTopBar.swift */ = {isa = PBXFileReference; lastKnownFileType = sourcecode.swift; path = GameHeaderViewTopBar.swift; sourceTree = "<group>"; };
		149A8D112458F98000E3E7AF /* GameHeaderViewPlayerStatusView.swift */ = {isa = PBXFileReference; lastKnownFileType = sourcecode.swift; path = GameHeaderViewPlayerStatusView.swift; sourceTree = "<group>"; };
		149A8D132458F99300E3E7AF /* GameHeaderViewPlayersTurnView.swift */ = {isa = PBXFileReference; lastKnownFileType = sourcecode.swift; path = GameHeaderViewPlayersTurnView.swift; sourceTree = "<group>"; };
		149A8D152458F9A600E3E7AF /* GameHeaderViewPlayersView.swift */ = {isa = PBXFileReference; lastKnownFileType = sourcecode.swift; path = GameHeaderViewPlayersView.swift; sourceTree = "<group>"; };
		149A8D172458F9BB00E3E7AF /* GameHeaderViewStatusBar.swift */ = {isa = PBXFileReference; lastKnownFileType = sourcecode.swift; path = GameHeaderViewStatusBar.swift; sourceTree = "<group>"; };
		149A8D192458F9C900E3E7AF /* GameHeaderView.swift */ = {isa = PBXFileReference; lastKnownFileType = sourcecode.swift; path = GameHeaderView.swift; sourceTree = "<group>"; };
		149A8D1B2458F9D800E3E7AF /* GameFooterView.swift */ = {isa = PBXFileReference; lastKnownFileType = sourcecode.swift; path = GameFooterView.swift; sourceTree = "<group>"; };
		149A8D1D2458F9E400E3E7AF /* GameFooterViewBottomBar.swift */ = {isa = PBXFileReference; lastKnownFileType = sourcecode.swift; path = GameFooterViewBottomBar.swift; sourceTree = "<group>"; };
		149A8D21245902F900E3E7AF /* CGExtensions.swift */ = {isa = PBXFileReference; lastKnownFileType = sourcecode.swift; path = CGExtensions.swift; sourceTree = "<group>"; };
		149A8D232459030500E3E7AF /* AttributedStringSystemImageMixer.swift */ = {isa = PBXFileReference; lastKnownFileType = sourcecode.swift; path = AttributedStringSystemImageMixer.swift; sourceTree = "<group>"; };
		149A8D252459098000E3E7AF /* word.proto.ui.uikit.entitlements */ = {isa = PBXFileReference; lastKnownFileType = text.plist.entitlements; path = word.proto.ui.uikit.entitlements; sourceTree = "<group>"; };
		14EF50E2245E9F7400F3653F /* BoardView.swift */ = {isa = PBXFileReference; lastKnownFileType = sourcecode.swift; path = BoardView.swift; sourceTree = "<group>"; };
		14EF50E4245E9FA100F3653F /* TileView.swift */ = {isa = PBXFileReference; lastKnownFileType = sourcecode.swift; path = TileView.swift; sourceTree = "<group>"; };
		14EF5131245EA03300F3653F /* Node.swift */ = {isa = PBXFileReference; fileEncoding = 4; lastKnownFileType = sourcecode.swift; path = Node.swift; sourceTree = "<group>"; };
		14EF5132245EA03300F3653F /* TileBag.swift */ = {isa = PBXFileReference; fileEncoding = 4; lastKnownFileType = sourcecode.swift; path = TileBag.swift; sourceTree = "<group>"; };
		14EF5133245EA03300F3653F /* DictionaryFilter.swift */ = {isa = PBXFileReference; fileEncoding = 4; lastKnownFileType = sourcecode.swift; path = DictionaryFilter.swift; sourceTree = "<group>"; };
		14EF5134245EA03300F3653F /* Dictionary.swift */ = {isa = PBXFileReference; fileEncoding = 4; lastKnownFileType = sourcecode.swift; path = Dictionary.swift; sourceTree = "<group>"; };
		14EF5136245EA03300F3653F /* D-D.txt */ = {isa = PBXFileReference; fileEncoding = 4; lastKnownFileType = text; path = "D-D.txt"; sourceTree = "<group>"; };
		14EF5137245EA03300F3653F /* D-S.txt */ = {isa = PBXFileReference; fileEncoding = 4; lastKnownFileType = text; path = "D-S.txt"; sourceTree = "<group>"; };
		14EF5138245EA03300F3653F /* D-R.txt */ = {isa = PBXFileReference; fileEncoding = 4; lastKnownFileType = text; path = "D-R.txt"; sourceTree = "<group>"; };
		14EF5139245EA03300F3653F /* D-E.txt */ = {isa = PBXFileReference; fileEncoding = 4; lastKnownFileType = text; path = "D-E.txt"; sourceTree = "<group>"; };
		14EF513A245EA03300F3653F /* D-G.txt */ = {isa = PBXFileReference; fileEncoding = 4; lastKnownFileType = text; path = "D-G.txt"; sourceTree = "<group>"; };
		14EF513B245EA03300F3653F /* D-P.txt */ = {isa = PBXFileReference; fileEncoding = 4; lastKnownFileType = text; path = "D-P.txt"; sourceTree = "<group>"; };
		14EF513C245EA03300F3653F /* D-Q.txt */ = {isa = PBXFileReference; fileEncoding = 4; lastKnownFileType = text; path = "D-Q.txt"; sourceTree = "<group>"; };
		14EF513D245EA03300F3653F /* D-F.txt */ = {isa = PBXFileReference; fileEncoding = 4; lastKnownFileType = text; path = "D-F.txt"; sourceTree = "<group>"; };
		14EF513E245EA03300F3653F /* D-U.txt */ = {isa = PBXFileReference; fileEncoding = 4; lastKnownFileType = text; path = "D-U.txt"; sourceTree = "<group>"; };
		14EF513F245EA03300F3653F /* D-B.txt */ = {isa = PBXFileReference; fileEncoding = 4; lastKnownFileType = text; path = "D-B.txt"; sourceTree = "<group>"; };
		14EF5140245EA03300F3653F /* D-C.txt */ = {isa = PBXFileReference; fileEncoding = 4; lastKnownFileType = text; path = "D-C.txt"; sourceTree = "<group>"; };
		14EF5141245EA03300F3653F /* D-T.txt */ = {isa = PBXFileReference; fileEncoding = 4; lastKnownFileType = text; path = "D-T.txt"; sourceTree = "<group>"; };
		14EF5142245EA03300F3653F /* D-V.txt */ = {isa = PBXFileReference; fileEncoding = 4; lastKnownFileType = text; path = "D-V.txt"; sourceTree = "<group>"; };
		14EF5143245EA03300F3653F /* D-A.txt */ = {isa = PBXFileReference; fileEncoding = 4; lastKnownFileType = text; path = "D-A.txt"; sourceTree = "<group>"; };
		14EF5144245EA03300F3653F /* D-W.txt */ = {isa = PBXFileReference; fileEncoding = 4; lastKnownFileType = text; path = "D-W.txt"; sourceTree = "<group>"; };
		14EF5145245EA03300F3653F /* D-Z.txt */ = {isa = PBXFileReference; fileEncoding = 4; lastKnownFileType = text; path = "D-Z.txt"; sourceTree = "<group>"; };
		14EF5146245EA03300F3653F /* D-M.txt */ = {isa = PBXFileReference; fileEncoding = 4; lastKnownFileType = text; path = "D-M.txt"; sourceTree = "<group>"; };
		14EF5147245EA03300F3653F /* D-L.txt */ = {isa = PBXFileReference; fileEncoding = 4; lastKnownFileType = text; path = "D-L.txt"; sourceTree = "<group>"; };
		14EF5148245EA03300F3653F /* D-Y.txt */ = {isa = PBXFileReference; fileEncoding = 4; lastKnownFileType = text; path = "D-Y.txt"; sourceTree = "<group>"; };
		14EF5149245EA03300F3653F /* D-N.txt */ = {isa = PBXFileReference; fileEncoding = 4; lastKnownFileType = text; path = "D-N.txt"; sourceTree = "<group>"; };
		14EF514A245EA03300F3653F /* D-O.txt */ = {isa = PBXFileReference; fileEncoding = 4; lastKnownFileType = text; path = "D-O.txt"; sourceTree = "<group>"; };
		14EF514B245EA03300F3653F /* D-X.txt */ = {isa = PBXFileReference; fileEncoding = 4; lastKnownFileType = text; path = "D-X.txt"; sourceTree = "<group>"; };
		14EF514C245EA03300F3653F /* D-K.txt */ = {isa = PBXFileReference; fileEncoding = 4; lastKnownFileType = text; path = "D-K.txt"; sourceTree = "<group>"; };
		14EF514D245EA03300F3653F /* D-J.txt */ = {isa = PBXFileReference; fileEncoding = 4; lastKnownFileType = text; path = "D-J.txt"; sourceTree = "<group>"; };
		14EF514E245EA03300F3653F /* D-H.txt */ = {isa = PBXFileReference; fileEncoding = 4; lastKnownFileType = text; path = "D-H.txt"; sourceTree = "<group>"; };
		14EF514F245EA03300F3653F /* D-I.txt */ = {isa = PBXFileReference; fileEncoding = 4; lastKnownFileType = text; path = "D-I.txt"; sourceTree = "<group>"; };
		14EF5150245EA03300F3653F /* filtered_sorted_words.txt */ = {isa = PBXFileReference; fileEncoding = 4; lastKnownFileType = text; path = filtered_sorted_words.txt; sourceTree = "<group>"; };
		14EF5151245EA03400F3653F /* Board.swift */ = {isa = PBXFileReference; fileEncoding = 4; lastKnownFileType = sourcecode.swift; path = Board.swift; sourceTree = "<group>"; };
		14EF5152245EA03400F3653F /* Axis.swift */ = {isa = PBXFileReference; fileEncoding = 4; lastKnownFileType = sourcecode.swift; path = Axis.swift; sourceTree = "<group>"; };
		14EF5153245EA03400F3653F /* BoardPosition.swift */ = {isa = PBXFileReference; fileEncoding = 4; lastKnownFileType = sourcecode.swift; path = BoardPosition.swift; sourceTree = "<group>"; };
		14EF5155245EA03400F3653F /* Direction.swift */ = {isa = PBXFileReference; fileEncoding = 4; lastKnownFileType = sourcecode.swift; path = Direction.swift; sourceTree = "<group>"; };
		14EF5156245EA03400F3653F /* _Game.swift */ = {isa = PBXFileReference; fileEncoding = 4; lastKnownFileType = sourcecode.swift; path = _Game.swift; sourceTree = "<group>"; };
		14EF5157245EA03400F3653F /* GameAI.swift */ = {isa = PBXFileReference; fileEncoding = 4; lastKnownFileType = sourcecode.swift; path = GameAI.swift; sourceTree = "<group>"; };
/* End PBXFileReference section */

/* Begin PBXFrameworksBuildPhase section */
		147348A0244E8B21003CF800 /* Frameworks */ = {
			isa = PBXFrameworksBuildPhase;
			buildActionMask = 2147483647;
			files = (
			);
			runOnlyForDeploymentPostprocessing = 0;
		};
/* End PBXFrameworksBuildPhase section */

/* Begin PBXGroup section */
		1473489A244E8B21003CF800 = {
			isa = PBXGroup;
			children = (
				147348A5244E8B21003CF800 /* word.proto.ui.uikit */,
				147348A4244E8B21003CF800 /* Products */,
			);
			sourceTree = "<group>";
		};
		147348A4244E8B21003CF800 /* Products */ = {
			isa = PBXGroup;
			children = (
				147348A3244E8B21003CF800 /* word.proto.ui.uikit.app */,
			);
			name = Products;
			sourceTree = "<group>";
		};
		147348A5244E8B21003CF800 /* word.proto.ui.uikit */ = {
			isa = PBXGroup;
			children = (
				149A8D252459098000E3E7AF /* word.proto.ui.uikit.entitlements */,
				147348A6244E8B21003CF800 /* AppDelegate.swift */,
				147348A8244E8B21003CF800 /* SceneDelegate.swift */,
				147348AA244E8B21003CF800 /* ViewController.swift */,
				149A8D0D2458F95C00E3E7AF /* SystemImageButton.swift */,
				14EF50E6245E9FF300F3653F /* BoardView */,
				149A8D1F2458FA0E00E3E7AF /* Header View */,
				149A8D202458FA2C00E3E7AF /* Footer View */,
				149A8D0B2458F8D600E3E7AF /* NSExtensions.swift */,
				149A8D21245902F900E3E7AF /* CGExtensions.swift */,
				149A8D232459030500E3E7AF /* AttributedStringSystemImageMixer.swift */,
				14EF50E7245E9FFE00F3653F /* Logic */,
				147348AF244E8B22003CF800 /* Assets.xcassets */,
				147348B1244E8B22003CF800 /* LaunchScreen.storyboard */,
				147348B4244E8B22003CF800 /* Info.plist */,
			);
			path = word.proto.ui.uikit;
			sourceTree = "<group>";
		};
		149A8D1F2458FA0E00E3E7AF /* Header View */ = {
			isa = PBXGroup;
			children = (
				149A8D192458F9C900E3E7AF /* GameHeaderView.swift */,
				149A8D0F2458F97100E3E7AF /* GameHeaderViewTopBar.swift */,
				149A8D112458F98000E3E7AF /* GameHeaderViewPlayerStatusView.swift */,
				149A8D132458F99300E3E7AF /* GameHeaderViewPlayersTurnView.swift */,
				149A8D152458F9A600E3E7AF /* GameHeaderViewPlayersView.swift */,
				149A8D172458F9BB00E3E7AF /* GameHeaderViewStatusBar.swift */,
			);
			path = "Header View";
			sourceTree = "<group>";
		};
		149A8D202458FA2C00E3E7AF /* Footer View */ = {
			isa = PBXGroup;
			children = (
				149A8D1B2458F9D800E3E7AF /* GameFooterView.swift */,
				149A8D1D2458F9E400E3E7AF /* GameFooterViewBottomBar.swift */,
			);
			path = "Footer View";
			sourceTree = "<group>";
		};
		14EF50E6245E9FF300F3653F /* BoardView */ = {
			isa = PBXGroup;
			children = (
				14EF50E2245E9F7400F3653F /* BoardView.swift */,
				14EF50E4245E9FA100F3653F /* TileView.swift */,
			);
			path = BoardView;
			sourceTree = "<group>";
		};
		14EF50E7245E9FFE00F3653F /* Logic */ = {
			isa = PBXGroup;
			children = (
				14EF5156245EA03400F3653F /* _Game.swift */,
				14EF5152245EA03400F3653F /* Axis.swift */,
				14EF5151245EA03400F3653F /* Board.swift */,
				14EF5153245EA03400F3653F /* BoardPosition.swift */,
				14EF5135245EA03300F3653F /* Dictionary */,
				14EF5134245EA03300F3653F /* Dictionary.swift */,
				14EF5133245EA03300F3653F /* DictionaryFilter.swift */,
				14EF5155245EA03400F3653F /* Direction.swift */,
				14EF5150245EA03300F3653F /* filtered_sorted_words.txt */,
				14EF5157245EA03400F3653F /* GameAI.swift */,
				14EF5131245EA03300F3653F /* Node.swift */,
				14EF5132245EA03300F3653F /* TileBag.swift */,
			);
			path = Logic;
			sourceTree = "<group>";
		};
		14EF5135245EA03300F3653F /* Dictionary */ = {
			isa = PBXGroup;
			children = (
				14EF5136245EA03300F3653F /* D-D.txt */,
				14EF5137245EA03300F3653F /* D-S.txt */,
				14EF5138245EA03300F3653F /* D-R.txt */,
				14EF5139245EA03300F3653F /* D-E.txt */,
				14EF513A245EA03300F3653F /* D-G.txt */,
				14EF513B245EA03300F3653F /* D-P.txt */,
				14EF513C245EA03300F3653F /* D-Q.txt */,
				14EF513D245EA03300F3653F /* D-F.txt */,
				14EF513E245EA03300F3653F /* D-U.txt */,
				14EF513F245EA03300F3653F /* D-B.txt */,
				14EF5140245EA03300F3653F /* D-C.txt */,
				14EF5141245EA03300F3653F /* D-T.txt */,
				14EF5142245EA03300F3653F /* D-V.txt */,
				14EF5143245EA03300F3653F /* D-A.txt */,
				14EF5144245EA03300F3653F /* D-W.txt */,
				14EF5145245EA03300F3653F /* D-Z.txt */,
				14EF5146245EA03300F3653F /* D-M.txt */,
				14EF5147245EA03300F3653F /* D-L.txt */,
				14EF5148245EA03300F3653F /* D-Y.txt */,
				14EF5149245EA03300F3653F /* D-N.txt */,
				14EF514A245EA03300F3653F /* D-O.txt */,
				14EF514B245EA03300F3653F /* D-X.txt */,
				14EF514C245EA03300F3653F /* D-K.txt */,
				14EF514D245EA03300F3653F /* D-J.txt */,
				14EF514E245EA03300F3653F /* D-H.txt */,
				14EF514F245EA03300F3653F /* D-I.txt */,
			);
			path = Dictionary;
			sourceTree = "<group>";
		};
/* End PBXGroup section */

/* Begin PBXNativeTarget section */
		147348A2244E8B21003CF800 /* word.proto.ui.uikit */ = {
			isa = PBXNativeTarget;
			buildConfigurationList = 147348B7244E8B22003CF800 /* Build configuration list for PBXNativeTarget "word.proto.ui.uikit" */;
			buildPhases = (
				1473489F244E8B21003CF800 /* Sources */,
				147348A0244E8B21003CF800 /* Frameworks */,
				147348A1244E8B21003CF800 /* Resources */,
			);
			buildRules = (
			);
			dependencies = (
			);
			name = word.proto.ui.uikit;
			productName = word.proto.ui.uikit;
			productReference = 147348A3244E8B21003CF800 /* word.proto.ui.uikit.app */;
			productType = "com.apple.product-type.application";
		};
/* End PBXNativeTarget section */

/* Begin PBXProject section */
		1473489B244E8B21003CF800 /* Project object */ = {
			isa = PBXProject;
			attributes = {
				LastSwiftUpdateCheck = 1140;
				LastUpgradeCheck = 1140;
				ORGANIZATIONNAME = "Andrew Finke";
				TargetAttributes = {
					147348A2244E8B21003CF800 = {
						CreatedOnToolsVersion = 11.4.1;
					};
				};
			};
			buildConfigurationList = 1473489E244E8B21003CF800 /* Build configuration list for PBXProject "word.proto.ui.uikit" */;
			compatibilityVersion = "Xcode 9.3";
			developmentRegion = en;
			hasScannedForEncodings = 0;
			knownRegions = (
				en,
				Base,
			);
			mainGroup = 1473489A244E8B21003CF800;
			productRefGroup = 147348A4244E8B21003CF800 /* Products */;
			projectDirPath = "";
			projectRoot = "";
			targets = (
				147348A2244E8B21003CF800 /* word.proto.ui.uikit */,
			);
		};
/* End PBXProject section */

/* Begin PBXResourcesBuildPhase section */
		147348A1244E8B21003CF800 /* Resources */ = {
			isa = PBXResourcesBuildPhase;
			buildActionMask = 2147483647;
			files = (
				14EF5170245EA03400F3653F /* D-O.txt in Resources */,
				14EF5167245EA03400F3653F /* D-T.txt in Resources */,
				14EF5165245EA03400F3653F /* D-B.txt in Resources */,
				14EF5163245EA03400F3653F /* D-F.txt in Resources */,
				14EF515C245EA03400F3653F /* D-D.txt in Resources */,
				14EF5176245EA03400F3653F /* filtered_sorted_words.txt in Resources */,
				14EF5172245EA03400F3653F /* D-K.txt in Resources */,
				14EF5166245EA03400F3653F /* D-C.txt in Resources */,
				14EF5171245EA03400F3653F /* D-X.txt in Resources */,
				14EF5173245EA03400F3653F /* D-J.txt in Resources */,
				14EF515D245EA03400F3653F /* D-S.txt in Resources */,
				14EF516B245EA03400F3653F /* D-Z.txt in Resources */,
				14EF5175245EA03400F3653F /* D-I.txt in Resources */,
				147348B3244E8B22003CF800 /* LaunchScreen.storyboard in Resources */,
				14EF5169245EA03400F3653F /* D-A.txt in Resources */,
				14EF516E245EA03400F3653F /* D-Y.txt in Resources */,
				14EF516C245EA03400F3653F /* D-M.txt in Resources */,
				14EF5174245EA03400F3653F /* D-H.txt in Resources */,
				14EF515F245EA03400F3653F /* D-E.txt in Resources */,
				14EF515E245EA03400F3653F /* D-R.txt in Resources */,
				14EF5168245EA03400F3653F /* D-V.txt in Resources */,
				14EF516F245EA03400F3653F /* D-N.txt in Resources */,
				14EF5164245EA03400F3653F /* D-U.txt in Resources */,
				14EF516D245EA03400F3653F /* D-L.txt in Resources */,
				147348B0244E8B22003CF800 /* Assets.xcassets in Resources */,
				14EF5162245EA03400F3653F /* D-Q.txt in Resources */,
				14EF516A245EA03400F3653F /* D-W.txt in Resources */,
				14EF5161245EA03400F3653F /* D-P.txt in Resources */,
				14EF5160245EA03400F3653F /* D-G.txt in Resources */,
			);
			runOnlyForDeploymentPostprocessing = 0;
		};
/* End PBXResourcesBuildPhase section */

/* Begin PBXSourcesBuildPhase section */
		1473489F244E8B21003CF800 /* Sources */ = {
			isa = PBXSourcesBuildPhase;
			buildActionMask = 2147483647;
			files = (
				149A8D142458F99300E3E7AF /* GameHeaderViewPlayersTurnView.swift in Sources */,
				149A8D1A2458F9C900E3E7AF /* GameHeaderView.swift in Sources */,
				149A8D0E2458F95C00E3E7AF /* SystemImageButton.swift in Sources */,
				14EF5179245EA03400F3653F /* BoardPosition.swift in Sources */,
				14EF5158245EA03400F3653F /* Node.swift in Sources */,
				14EF5177245EA03400F3653F /* Board.swift in Sources */,
				149A8D242459030500E3E7AF /* AttributedStringSystemImageMixer.swift in Sources */,
				14EF5159245EA03400F3653F /* TileBag.swift in Sources */,
				149A8D122458F98000E3E7AF /* GameHeaderViewPlayerStatusView.swift in Sources */,
				147348AB244E8B21003CF800 /* ViewController.swift in Sources */,
				149A8D22245902F900E3E7AF /* CGExtensions.swift in Sources */,
				149A8D162458F9A600E3E7AF /* GameHeaderViewPlayersView.swift in Sources */,
				147348A7244E8B21003CF800 /* AppDelegate.swift in Sources */,
				14EF515B245EA03400F3653F /* Dictionary.swift in Sources */,
				149A8D102458F97100E3E7AF /* GameHeaderViewTopBar.swift in Sources */,
				149A8D0C2458F8D600E3E7AF /* NSExtensions.swift in Sources */,
				149A8D1E2458F9E400E3E7AF /* GameFooterViewBottomBar.swift in Sources */,
				14EF50E5245E9FA100F3653F /* TileView.swift in Sources */,
				147348A9244E8B21003CF800 /* SceneDelegate.swift in Sources */,
				14EF50E3245E9F7400F3653F /* BoardView.swift in Sources */,
				14EF515A245EA03400F3653F /* DictionaryFilter.swift in Sources */,
				149A8D182458F9BB00E3E7AF /* GameHeaderViewStatusBar.swift in Sources */,
				14EF517D245EA03400F3653F /* GameAI.swift in Sources */,
				14EF5178245EA03400F3653F /* Axis.swift in Sources */,
				149A8D1C2458F9D800E3E7AF /* GameFooterView.swift in Sources */,
				14EF517C245EA03400F3653F /* _Game.swift in Sources */,
				14EF517B245EA03400F3653F /* Direction.swift in Sources */,
			);
			runOnlyForDeploymentPostprocessing = 0;
		};
/* End PBXSourcesBuildPhase section */

/* Begin PBXVariantGroup section */
		147348B1244E8B22003CF800 /* LaunchScreen.storyboard */ = {
			isa = PBXVariantGroup;
			children = (
				147348B2244E8B22003CF800 /* Base */,
			);
			name = LaunchScreen.storyboard;
			sourceTree = "<group>";
		};
/* End PBXVariantGroup section */

/* Begin XCBuildConfiguration section */
		147348B5244E8B22003CF800 /* Debug */ = {
			isa = XCBuildConfiguration;
			buildSettings = {
				ALWAYS_SEARCH_USER_PATHS = NO;
				CLANG_ANALYZER_NONNULL = YES;
				CLANG_ANALYZER_NUMBER_OBJECT_CONVERSION = YES_AGGRESSIVE;
				CLANG_CXX_LANGUAGE_STANDARD = "gnu++14";
				CLANG_CXX_LIBRARY = "libc++";
				CLANG_ENABLE_MODULES = YES;
				CLANG_ENABLE_OBJC_ARC = YES;
				CLANG_ENABLE_OBJC_WEAK = YES;
				CLANG_WARN_BLOCK_CAPTURE_AUTORELEASING = YES;
				CLANG_WARN_BOOL_CONVERSION = YES;
				CLANG_WARN_COMMA = YES;
				CLANG_WARN_CONSTANT_CONVERSION = YES;
				CLANG_WARN_DEPRECATED_OBJC_IMPLEMENTATIONS = YES;
				CLANG_WARN_DIRECT_OBJC_ISA_USAGE = YES_ERROR;
				CLANG_WARN_DOCUMENTATION_COMMENTS = YES;
				CLANG_WARN_EMPTY_BODY = YES;
				CLANG_WARN_ENUM_CONVERSION = YES;
				CLANG_WARN_INFINITE_RECURSION = YES;
				CLANG_WARN_INT_CONVERSION = YES;
				CLANG_WARN_NON_LITERAL_NULL_CONVERSION = YES;
				CLANG_WARN_OBJC_IMPLICIT_RETAIN_SELF = YES;
				CLANG_WARN_OBJC_LITERAL_CONVERSION = YES;
				CLANG_WARN_OBJC_ROOT_CLASS = YES_ERROR;
				CLANG_WARN_RANGE_LOOP_ANALYSIS = YES;
				CLANG_WARN_STRICT_PROTOTYPES = YES;
				CLANG_WARN_SUSPICIOUS_MOVE = YES;
				CLANG_WARN_UNGUARDED_AVAILABILITY = YES_AGGRESSIVE;
				CLANG_WARN_UNREACHABLE_CODE = YES;
				CLANG_WARN__DUPLICATE_METHOD_MATCH = YES;
				COPY_PHASE_STRIP = NO;
				DEBUG_INFORMATION_FORMAT = dwarf;
				ENABLE_STRICT_OBJC_MSGSEND = YES;
				ENABLE_TESTABILITY = YES;
				GCC_C_LANGUAGE_STANDARD = gnu11;
				GCC_DYNAMIC_NO_PIC = NO;
				GCC_NO_COMMON_BLOCKS = YES;
				GCC_OPTIMIZATION_LEVEL = 0;
				GCC_PREPROCESSOR_DEFINITIONS = (
					"DEBUG=1",
					"$(inherited)",
				);
				GCC_WARN_64_TO_32_BIT_CONVERSION = YES;
				GCC_WARN_ABOUT_RETURN_TYPE = YES_ERROR;
				GCC_WARN_UNDECLARED_SELECTOR = YES;
				GCC_WARN_UNINITIALIZED_AUTOS = YES_AGGRESSIVE;
				GCC_WARN_UNUSED_FUNCTION = YES;
				GCC_WARN_UNUSED_VARIABLE = YES;
				IPHONEOS_DEPLOYMENT_TARGET = 13.4;
				MTL_ENABLE_DEBUG_INFO = INCLUDE_SOURCE;
				MTL_FAST_MATH = YES;
				ONLY_ACTIVE_ARCH = YES;
				SDKROOT = iphoneos;
				SWIFT_ACTIVE_COMPILATION_CONDITIONS = DEBUG;
				SWIFT_OPTIMIZATION_LEVEL = "-Onone";
			};
			name = Debug;
		};
		147348B6244E8B22003CF800 /* Release */ = {
			isa = XCBuildConfiguration;
			buildSettings = {
				ALWAYS_SEARCH_USER_PATHS = NO;
				CLANG_ANALYZER_NONNULL = YES;
				CLANG_ANALYZER_NUMBER_OBJECT_CONVERSION = YES_AGGRESSIVE;
				CLANG_CXX_LANGUAGE_STANDARD = "gnu++14";
				CLANG_CXX_LIBRARY = "libc++";
				CLANG_ENABLE_MODULES = YES;
				CLANG_ENABLE_OBJC_ARC = YES;
				CLANG_ENABLE_OBJC_WEAK = YES;
				CLANG_WARN_BLOCK_CAPTURE_AUTORELEASING = YES;
				CLANG_WARN_BOOL_CONVERSION = YES;
				CLANG_WARN_COMMA = YES;
				CLANG_WARN_CONSTANT_CONVERSION = YES;
				CLANG_WARN_DEPRECATED_OBJC_IMPLEMENTATIONS = YES;
				CLANG_WARN_DIRECT_OBJC_ISA_USAGE = YES_ERROR;
				CLANG_WARN_DOCUMENTATION_COMMENTS = YES;
				CLANG_WARN_EMPTY_BODY = YES;
				CLANG_WARN_ENUM_CONVERSION = YES;
				CLANG_WARN_INFINITE_RECURSION = YES;
				CLANG_WARN_INT_CONVERSION = YES;
				CLANG_WARN_NON_LITERAL_NULL_CONVERSION = YES;
				CLANG_WARN_OBJC_IMPLICIT_RETAIN_SELF = YES;
				CLANG_WARN_OBJC_LITERAL_CONVERSION = YES;
				CLANG_WARN_OBJC_ROOT_CLASS = YES_ERROR;
				CLANG_WARN_RANGE_LOOP_ANALYSIS = YES;
				CLANG_WARN_STRICT_PROTOTYPES = YES;
				CLANG_WARN_SUSPICIOUS_MOVE = YES;
				CLANG_WARN_UNGUARDED_AVAILABILITY = YES_AGGRESSIVE;
				CLANG_WARN_UNREACHABLE_CODE = YES;
				CLANG_WARN__DUPLICATE_METHOD_MATCH = YES;
				COPY_PHASE_STRIP = NO;
				DEBUG_INFORMATION_FORMAT = "dwarf-with-dsym";
				ENABLE_NS_ASSERTIONS = NO;
				ENABLE_STRICT_OBJC_MSGSEND = YES;
				GCC_C_LANGUAGE_STANDARD = gnu11;
				GCC_NO_COMMON_BLOCKS = YES;
				GCC_WARN_64_TO_32_BIT_CONVERSION = YES;
				GCC_WARN_ABOUT_RETURN_TYPE = YES_ERROR;
				GCC_WARN_UNDECLARED_SELECTOR = YES;
				GCC_WARN_UNINITIALIZED_AUTOS = YES_AGGRESSIVE;
				GCC_WARN_UNUSED_FUNCTION = YES;
				GCC_WARN_UNUSED_VARIABLE = YES;
				IPHONEOS_DEPLOYMENT_TARGET = 13.4;
				MTL_ENABLE_DEBUG_INFO = NO;
				MTL_FAST_MATH = YES;
				SDKROOT = iphoneos;
				SWIFT_COMPILATION_MODE = wholemodule;
				SWIFT_OPTIMIZATION_LEVEL = "-O";
				VALIDATE_PRODUCT = YES;
			};
			name = Release;
		};
		147348B8244E8B22003CF800 /* Debug */ = {
			isa = XCBuildConfiguration;
			buildSettings = {
				ASSETCATALOG_COMPILER_APPICON_NAME = AppIcon;
				CODE_SIGN_ENTITLEMENTS = word.proto.ui.uikit/word.proto.ui.uikit.entitlements;
				CODE_SIGN_STYLE = Automatic;
				DEVELOPMENT_TEAM = 72S993BNAV;
				INFOPLIST_FILE = word.proto.ui.uikit/Info.plist;
				LD_RUNPATH_SEARCH_PATHS = (
					"$(inherited)",
					"@executable_path/Frameworks",
				);
				PRODUCT_BUNDLE_IDENTIFIER = "com.andrewfinke.word-proto-ui-uikit";
				PRODUCT_NAME = "$(TARGET_NAME)";
				SUPPORTS_MACCATALYST = YES;
				SWIFT_VERSION = 5.0;
				TARGETED_DEVICE_FAMILY = "1,2";
			};
			name = Debug;
		};
		147348B9244E8B22003CF800 /* Release */ = {
			isa = XCBuildConfiguration;
			buildSettings = {
				ASSETCATALOG_COMPILER_APPICON_NAME = AppIcon;
				CODE_SIGN_ENTITLEMENTS = word.proto.ui.uikit/word.proto.ui.uikit.entitlements;
				CODE_SIGN_STYLE = Automatic;
				DEVELOPMENT_TEAM = 72S993BNAV;
				INFOPLIST_FILE = word.proto.ui.uikit/Info.plist;
				LD_RUNPATH_SEARCH_PATHS = (
					"$(inherited)",
					"@executable_path/Frameworks",
				);
				PRODUCT_BUNDLE_IDENTIFIER = "com.andrewfinke.word-proto-ui-uikit";
				PRODUCT_NAME = "$(TARGET_NAME)";
				SUPPORTS_MACCATALYST = YES;
				SWIFT_VERSION = 5.0;
				TARGETED_DEVICE_FAMILY = "1,2";
			};
			name = Release;
		};
/* End XCBuildConfiguration section */

/* Begin XCConfigurationList section */
		1473489E244E8B21003CF800 /* Build configuration list for PBXProject "word.proto.ui.uikit" */ = {
			isa = XCConfigurationList;
			buildConfigurations = (
				147348B5244E8B22003CF800 /* Debug */,
				147348B6244E8B22003CF800 /* Release */,
			);
			defaultConfigurationIsVisible = 0;
			defaultConfigurationName = Release;
		};
		147348B7244E8B22003CF800 /* Build configuration list for PBXNativeTarget "word.proto.ui.uikit" */ = {
			isa = XCConfigurationList;
			buildConfigurations = (
				147348B8244E8B22003CF800 /* Debug */,
				147348B9244E8B22003CF800 /* Release */,
			);
			defaultConfigurationIsVisible = 0;
			defaultConfigurationName = Release;
		};
/* End XCConfigurationList section */
	};
	rootObject = 1473489B244E8B21003CF800 /* Project object */;
}
